
Microsoft Visual Studio Solution File, Format Version 12.00
# Visual Studio 15
VisualStudioVersion = 15.0.27004.2005
MinimumVisualStudioVersion = 10.0.40219.1
Project("{FAE04EC0-301F-11D3-BF4B-00C04F79EFBC}") = "VisualizadorDePdfs.Android", "VisualizadorDePdfs\VisualizadorDePdfs.Android\VisualizadorDePdfs.Android.csproj", "{44A04317-5391-4548-A3F2-6A39C13E86BD}"
EndProject
Project("{FAE04EC0-301F-11D3-BF4B-00C04F79EFBC}") = "VisualizadorDePdfs", "VisualizadorDePdfs\VisualizadorDePdfs\VisualizadorDePdfs.csproj", "{25FA692C-B997-4F64-9200-648B59E4B26B}"
EndProject
Project("{FAE04EC0-301F-11D3-BF4B-00C04F79EFBC}") = "VisualizadorDePdfs.iOS", "VisualizadorDePdfs\VisualizadorDePdfs.iOS\VisualizadorDePdfs.iOS.csproj", "{13A0D6D6-7026-4C9F-946F-BB29A3B6F6CF}"
EndProject
Global
	GlobalSection(SolutionConfigurationPlatforms) = preSolution
		Ad-Hoc|Any CPU = Ad-Hoc|Any CPU
		Ad-Hoc|iPhone = Ad-Hoc|iPhone
		Ad-Hoc|iPhoneSimulator = Ad-Hoc|iPhoneSimulator
		AppStore|Any CPU = AppStore|Any CPU
		AppStore|iPhone = AppStore|iPhone
		AppStore|iPhoneSimulator = AppStore|iPhoneSimulator
		Debug|Any CPU = Debug|Any CPU
		Debug|iPhone = Debug|iPhone
		Debug|iPhoneSimulator = Debug|iPhoneSimulator
		Release|Any CPU = Release|Any CPU
		Release|iPhone = Release|iPhone
		Release|iPhoneSimulator = Release|iPhoneSimulator
	EndGlobalSection
	GlobalSection(ProjectConfigurationPlatforms) = postSolution
		{44A04317-5391-4548-A3F2-6A39C13E86BD}.Ad-Hoc|Any CPU.ActiveCfg = Release|Any CPU
		{44A04317-5391-4548-A3F2-6A39C13E86BD}.Ad-Hoc|Any CPU.Build.0 = Release|Any CPU
		{44A04317-5391-4548-A3F2-6A39C13E86BD}.Ad-Hoc|Any CPU.Deploy.0 = Release|Any CPU
		{44A04317-5391-4548-A3F2-6A39C13E86BD}.Ad-Hoc|iPhone.ActiveCfg = Release|Any CPU
		{44A04317-5391-4548-A3F2-6A39C13E86BD}.Ad-Hoc|iPhone.Build.0 = Release|Any CPU
		{44A04317-5391-4548-A3F2-6A39C13E86BD}.Ad-Hoc|iPhone.Deploy.0 = Release|Any CPU
		{44A04317-5391-4548-A3F2-6A39C13E86BD}.Ad-Hoc|iPhoneSimulator.ActiveCfg = Release|Any CPU
		{44A04317-5391-4548-A3F2-6A39C13E86BD}.Ad-Hoc|iPhoneSimulator.Build.0 = Release|Any CPU
		{44A04317-5391-4548-A3F2-6A39C13E86BD}.Ad-Hoc|iPhoneSimulator.Deploy.0 = Release|Any CPU
		{44A04317-5391-4548-A3F2-6A39C13E86BD}.AppStore|Any CPU.ActiveCfg = Release|Any CPU
		{44A04317-5391-4548-A3F2-6A39C13E86BD}.AppStore|Any CPU.Build.0 = Release|Any CPU
		{44A04317-5391-4548-A3F2-6A39C13E86BD}.AppStore|Any CPU.Deploy.0 = Release|Any CPU
		{44A04317-5391-4548-A3F2-6A39C13E86BD}.AppStore|iPhone.ActiveCfg = Release|Any CPU
		{44A04317-5391-4548-A3F2-6A39C13E86BD}.AppStore|iPhone.Build.0 = Release|Any CPU
		{44A04317-5391-4548-A3F2-6A39C13E86BD}.AppStore|iPhone.Deploy.0 = Release|Any CPU
		{44A04317-5391-4548-A3F2-6A39C13E86BD}.AppStore|iPhoneSimulator.ActiveCfg = Release|Any CPU
		{44A04317-5391-4548-A3F2-6A39C13E86BD}.AppStore|iPhoneSimulator.Build.0 = Release|Any CPU
		{44A04317-5391-4548-A3F2-6A39C13E86BD}.AppStore|iPhoneSimulator.Deploy.0 = Release|Any CPU
		{44A04317-5391-4548-A3F2-6A39C13E86BD}.Debug|Any CPU.ActiveCfg = Debug|Any CPU
		{44A04317-5391-4548-A3F2-6A39C13E86BD}.Debug|Any CPU.Build.0 = Debug|Any CPU
		{44A04317-5391-4548-A3F2-6A39C13E86BD}.Debug|Any CPU.Deploy.0 = Debug|Any CPU
		{44A04317-5391-4548-A3F2-6A39C13E86BD}.Debug|iPhone.ActiveCfg = Debug|Any CPU
		{44A04317-5391-4548-A3F2-6A39C13E86BD}.Debug|iPhone.Build.0 = Debug|Any CPU
		{44A04317-5391-4548-A3F2-6A39C13E86BD}.Debug|iPhone.Deploy.0 = Debug|Any CPU
		{44A04317-5391-4548-A3F2-6A39C13E86BD}.Debug|iPhoneSimulator.ActiveCfg = Debug|Any CPU
		{44A04317-5391-4548-A3F2-6A39C13E86BD}.Debug|iPhoneSimulator.Build.0 = Debug|Any CPU
		{44A04317-5391-4548-A3F2-6A39C13E86BD}.Debug|iPhoneSimulator.Deploy.0 = Debug|Any CPU
		{44A04317-5391-4548-A3F2-6A39C13E86BD}.Release|Any CPU.ActiveCfg = Release|Any CPU
		{44A04317-5391-4548-A3F2-6A39C13E86BD}.Release|Any CPU.Build.0 = Release|Any CPU
		{44A04317-5391-4548-A3F2-6A39C13E86BD}.Release|Any CPU.Deploy.0 = Release|Any CPU
		{44A04317-5391-4548-A3F2-6A39C13E86BD}.Release|iPhone.ActiveCfg = Release|Any CPU
		{44A04317-5391-4548-A3F2-6A39C13E86BD}.Release|iPhone.Build.0 = Release|Any CPU
		{44A04317-5391-4548-A3F2-6A39C13E86BD}.Release|iPhone.Deploy.0 = Release|Any CPU
		{44A04317-5391-4548-A3F2-6A39C13E86BD}.Release|iPhoneSimulator.ActiveCfg = Release|Any CPU
		{44A04317-5391-4548-A3F2-6A39C13E86BD}.Release|iPhoneSimulator.Build.0 = Release|Any CPU
		{44A04317-5391-4548-A3F2-6A39C13E86BD}.Release|iPhoneSimulator.Deploy.0 = Release|Any CPU
		{25FA692C-B997-4F64-9200-648B59E4B26B}.Ad-Hoc|Any CPU.ActiveCfg = Release|Any CPU
		{25FA692C-B997-4F64-9200-648B59E4B26B}.Ad-Hoc|Any CPU.Build.0 = Release|Any CPU
		{25FA692C-B997-4F64-9200-648B59E4B26B}.Ad-Hoc|iPhone.ActiveCfg = Release|Any CPU
		{25FA692C-B997-4F64-9200-648B59E4B26B}.Ad-Hoc|iPhone.Build.0 = Release|Any CPU
		{25FA692C-B997-4F64-9200-648B59E4B26B}.Ad-Hoc|iPhoneSimulator.ActiveCfg = Release|Any CPU
		{25FA692C-B997-4F64-9200-648B59E4B26B}.Ad-Hoc|iPhoneSimulator.Build.0 = Release|Any CPU
		{25FA692C-B997-4F64-9200-648B59E4B26B}.AppStore|Any CPU.ActiveCfg = Release|Any CPU
		{25FA692C-B997-4F64-9200-648B59E4B26B}.AppStore|Any CPU.Build.0 = Release|Any CPU
		{25FA692C-B997-4F64-9200-648B59E4B26B}.AppStore|iPhone.ActiveCfg = Release|Any CPU
		{25FA692C-B997-4F64-9200-648B59E4B26B}.AppStore|iPhone.Build.0 = Release|Any CPU
		{25FA692C-B997-4F64-9200-648B59E4B26B}.AppStore|iPhoneSimulator.ActiveCfg = Release|Any CPU
		{25FA692C-B997-4F64-9200-648B59E4B26B}.AppStore|iPhoneSimulator.Build.0 = Release|Any CPU
		{25FA692C-B997-4F64-9200-648B59E4B26B}.Debug|Any CPU.ActiveCfg = Debug|Any CPU
		{25FA692C-B997-4F64-9200-648B59E4B26B}.Debug|Any CPU.Build.0 = Debug|Any CPU
		{25FA692C-B997-4F64-9200-648B59E4B26B}.Debug|iPhone.ActiveCfg = Debug|Any CPU
		{25FA692C-B997-4F64-9200-648B59E4B26B}.Debug|iPhone.Build.0 = Debug|Any CPU
		{25FA692C-B997-4F64-9200-648B59E4B26B}.Debug|iPhoneSimulator.ActiveCfg = Debug|Any CPU
		{25FA692C-B997-4F64-9200-648B59E4B26B}.Debug|iPhoneSimulator.Build.0 = Debug|Any CPU
		{25FA692C-B997-4F64-9200-648B59E4B26B}.Release|Any CPU.ActiveCfg = Release|Any CPU
		{25FA692C-B997-4F64-9200-648B59E4B26B}.Release|Any CPU.Build.0 = Release|Any CPU
		{25FA692C-B997-4F64-9200-648B59E4B26B}.Release|iPhone.ActiveCfg = Release|Any CPU
		{25FA692C-B997-4F64-9200-648B59E4B26B}.Release|iPhone.Build.0 = Release|Any CPU
		{25FA692C-B997-4F64-9200-648B59E4B26B}.Release|iPhoneSimulator.ActiveCfg = Release|Any CPU
		{25FA692C-B997-4F64-9200-648B59E4B26B}.Release|iPhoneSimulator.Build.0 = Release|Any CPU
		{13A0D6D6-7026-4C9F-946F-BB29A3B6F6CF}.Ad-Hoc|Any CPU.ActiveCfg = Ad-Hoc|iPhoneSimulator
		{13A0D6D6-7026-4C9F-946F-BB29A3B6F6CF}.Ad-Hoc|iPhone.ActiveCfg = Ad-Hoc|iPhone
		{13A0D6D6-7026-4C9F-946F-BB29A3B6F6CF}.Ad-Hoc|iPhone.Build.0 = Ad-Hoc|iPhone
		{13A0D6D6-7026-4C9F-946F-BB29A3B6F6CF}.Ad-Hoc|iPhoneSimulator.ActiveCfg = Ad-Hoc|iPhoneSimulator
		{13A0D6D6-7026-4C9F-946F-BB29A3B6F6CF}.Ad-Hoc|iPhoneSimulator.Build.0 = Ad-Hoc|iPhoneSimulator
		{13A0D6D6-7026-4C9F-946F-BB29A3B6F6CF}.AppStore|Any CPU.ActiveCfg = AppStore|iPhoneSimulator
		{13A0D6D6-7026-4C9F-946F-BB29A3B6F6CF}.AppStore|iPhone.ActiveCfg = AppStore|iPhone
		{13A0D6D6-7026-4C9F-946F-BB29A3B6F6CF}.AppStore|iPhone.Build.0 = AppStore|iPhone
		{13A0D6D6-7026-4C9F-946F-BB29A3B6F6CF}.AppStore|iPhoneSimulator.ActiveCfg = AppStore|iPhoneSimulator
		{13A0D6D6-7026-4C9F-946F-BB29A3B6F6CF}.AppStore|iPhoneSimulator.Build.0 = AppStore|iPhoneSimulator
		{13A0D6D6-7026-4C9F-946F-BB29A3B6F6CF}.Debug|Any CPU.ActiveCfg = Debug|iPhoneSimulator
		{13A0D6D6-7026-4C9F-946F-BB29A3B6F6CF}.Debug|iPhone.ActiveCfg = Debug|iPhone
		{13A0D6D6-7026-4C9F-946F-BB29A3B6F6CF}.Debug|iPhone.Build.0 = Debug|iPhone
		{13A0D6D6-7026-4C9F-946F-BB29A3B6F6CF}.Debug|iPhoneSimulator.ActiveCfg = Debug|iPhoneSimulator
		{13A0D6D6-7026-4C9F-946F-BB29A3B6F6CF}.Debug|iPhoneSimulator.Build.0 = Debug|iPhoneSimulator
		{13A0D6D6-7026-4C9F-946F-BB29A3B6F6CF}.Release|Any CPU.ActiveCfg = Release|iPhoneSimulator
		{13A0D6D6-7026-4C9F-946F-BB29A3B6F6CF}.Release|iPhone.ActiveCfg = Release|iPhone
		{13A0D6D6-7026-4C9F-946F-BB29A3B6F6CF}.Release|iPhone.Build.0 = Release|iPhone
		{13A0D6D6-7026-4C9F-946F-BB29A3B6F6CF}.Release|iPhoneSimulator.ActiveCfg = Release|iPhoneSimulator
		{13A0D6D6-7026-4C9F-946F-BB29A3B6F6CF}.Release|iPhoneSimulator.Build.0 = Release|iPhoneSimulator
	EndGlobalSection
	GlobalSection(SolutionProperties) = preSolution
		HideSolutionNode = FALSE
	EndGlobalSection
	GlobalSection(ExtensibilityGlobals) = postSolution
		SolutionGuid = {BC2613C8-95C6-4F17-A181-E34FCEF4156C}
	EndGlobalSection
EndGlobal
